
Microsoft Visual Studio Solution File, Format Version 12.00
# Visual Studio Version 16
VisualStudioVersion = 16.0.29409.12
MinimumVisualStudioVersion = 10.0.40219.1
Project("{9A19103F-16F7-4668-BE54-9A1E7A4F7556}") = "Day1DataType", "HackerRankCodingChallenge\Day1DataType.csproj", "{4335CDAD-EEC3-4D17-A3E8-5C4671B23422}"
EndProject
Project("{9A19103F-16F7-4668-BE54-9A1E7A4F7556}") = "Day2Operators", "Day2Operators\Day2Operators.csproj", "{FDDDB073-D246-4EFA-AF3E-3ABDEA426D3D}"
EndProject
Project("{9A19103F-16F7-4668-BE54-9A1E7A4F7556}") = "Day3ConditionalStatements", "Day3ConditionalStatements\Day3ConditionalStatements.csproj", "{DD6CC046-FB17-44C0-812D-6B9D0CDDE910}"
EndProject
Global
	GlobalSection(SolutionConfigurationPlatforms) = preSolution
		Debug|Any CPU = Debug|Any CPU
		Release|Any CPU = Release|Any CPU
	EndGlobalSection
	GlobalSection(ProjectConfigurationPlatforms) = postSolution
		{4335CDAD-EEC3-4D17-A3E8-5C4671B23422}.Debug|Any CPU.ActiveCfg = Debug|Any CPU
		{4335CDAD-EEC3-4D17-A3E8-5C4671B23422}.Debug|Any CPU.Build.0 = Debug|Any CPU
		{4335CDAD-EEC3-4D17-A3E8-5C4671B23422}.Release|Any CPU.ActiveCfg = Release|Any CPU
		{4335CDAD-EEC3-4D17-A3E8-5C4671B23422}.Release|Any CPU.Build.0 = Release|Any CPU
		{FDDDB073-D246-4EFA-AF3E-3ABDEA426D3D}.Debug|Any CPU.ActiveCfg = Debug|Any CPU
		{FDDDB073-D246-4EFA-AF3E-3ABDEA426D3D}.Debug|Any CPU.Build.0 = Debug|Any CPU
		{FDDDB073-D246-4EFA-AF3E-3ABDEA426D3D}.Release|Any CPU.ActiveCfg = Release|Any CPU
		{FDDDB073-D246-4EFA-AF3E-3ABDEA426D3D}.Release|Any CPU.Build.0 = Release|Any CPU
		{DD6CC046-FB17-44C0-812D-6B9D0CDDE910}.Debug|Any CPU.ActiveCfg = Debug|Any CPU
		{DD6CC046-FB17-44C0-812D-6B9D0CDDE910}.Debug|Any CPU.Build.0 = Debug|Any CPU
		{DD6CC046-FB17-44C0-812D-6B9D0CDDE910}.Release|Any CPU.ActiveCfg = Release|Any CPU
		{DD6CC046-FB17-44C0-812D-6B9D0CDDE910}.Release|Any CPU.Build.0 = Release|Any CPU
	EndGlobalSection
	GlobalSection(SolutionProperties) = preSolution
		HideSolutionNode = FALSE
	EndGlobalSection
	GlobalSection(ExtensibilityGlobals) = postSolution
		SolutionGuid = {5578E38D-E889-4FFA-9CA8-F368A1AD2885}
	EndGlobalSection
EndGlobal
